
Microsoft Visual Studio Solution File, Format Version 12.00
# Visual Studio for Mac
Project("{FAE04EC0-301F-11D3-BF4B-00C04F79EFBC}") = "SLAMTest", "SLAMTest.csproj", "{01635AF1-19C2-DC1B-4EBC-688A824E63CD}"
EndProject
Project("{FAE04EC0-301F-11D3-BF4B-00C04F79EFBC}") = "SLAMTest.Editor", "SLAMTest.Editor.csproj", "{73DAD368-0740-A813-0F9E-CE50C833E963}"
EndProject
Global
	GlobalSection(SolutionConfigurationPlatforms) = preSolution
		Debug|Any CPU = Debug|Any CPU
		Release|Any CPU = Release|Any CPU
	EndGlobalSection
	GlobalSection(ProjectConfigurationPlatforms) = postSolution
		{01635AF1-19C2-DC1B-4EBC-688A824E63CD}.Debug|Any CPU.ActiveCfg = Debug|Any CPU
		{01635AF1-19C2-DC1B-4EBC-688A824E63CD}.Debug|Any CPU.Build.0 = Debug|Any CPU
		{01635AF1-19C2-DC1B-4EBC-688A824E63CD}.Release|Any CPU.ActiveCfg = Release|Any CPU
		{01635AF1-19C2-DC1B-4EBC-688A824E63CD}.Release|Any CPU.Build.0 = Release|Any CPU
		{73DAD368-0740-A813-0F9E-CE50C833E963}.Debug|Any CPU.ActiveCfg = Debug|Any CPU
		{73DAD368-0740-A813-0F9E-CE50C833E963}.Debug|Any CPU.Build.0 = Debug|Any CPU
		{73DAD368-0740-A813-0F9E-CE50C833E963}.Release|Any CPU.ActiveCfg = Release|Any CPU
		{73DAD368-0740-A813-0F9E-CE50C833E963}.Release|Any CPU.Build.0 = Release|Any CPU
	EndGlobalSection
	GlobalSection(SolutionProperties) = preSolution
		HideSolutionNode = FALSE
	EndGlobalSection
EndGlobal
